
Microsoft Visual Studio Solution File, Format Version 12.00
# Visual Studio Version 17
VisualStudioVersion = 17.5.33502.453
MinimumVisualStudioVersion = 10.0.40219.1
Project("{8BC9CEB8-8B4A-11D0-8D11-00A0C91BC942}") = "TypesAndVariables", "Variables\Variables.vcxproj", "{1CB6470D-2BCD-4565-99B2-D3814A8650C8}"
EndProject
Project("{8BC9CEB8-8B4A-11D0-8D11-00A0C91BC942}") = "Operators", "Operators\Operators.vcxproj", "{DF9CFE98-F8F8-43CB-AD0B-BFEFF649D62C}"
EndProject
Project("{8BC9CEB8-8B4A-11D0-8D11-00A0C91BC942}") = "Functions", "Functions\Functions.vcxproj", "{75AE8CE5-E646-4B78-A7B2-F2B6DC14CF79}"
EndProject
Project("{8BC9CEB8-8B4A-11D0-8D11-00A0C91BC942}") = "FlowControls", "FlowControls\FlowControls.vcxproj", "{91C89646-FD42-4B60-BB03-04111339D225}"
EndProject
Project("{8BC9CEB8-8B4A-11D0-8D11-00A0C91BC942}") = "Arrays", "Arrays\Arrays.vcxproj", "{11B4A09E-C845-49CE-AED0-423E8C886D92}"
EndProject
Project("{8BC9CEB8-8B4A-11D0-8D11-00A0C91BC942}") = "Classes", "Classes\Classes.vcxproj", "{3EC81A22-56B4-4425-A47D-A7ECCE912E55}"
EndProject
Project("{8BC9CEB8-8B4A-11D0-8D11-00A0C91BC942}") = "Inheritance", "Inheritance\Inheritance.vcxproj", "{DEE95C96-38C3-4E7D-8C99-EC618459BBD1}"
EndProject
Project("{8BC9CEB8-8B4A-11D0-8D11-00A0C91BC942}") = "Interface", "Classes2\Classes2.vcxproj", "{BB051002-DC2C-4F05-9D6C-D19B91DDFA64}"
EndProject
Project("{8BC9CEB8-8B4A-11D0-8D11-00A0C91BC942}") = "Exceptions", "Exceptions\Exceptions.vcxproj", "{982AE2D3-AB4E-490F-9DB0-CA15AD842572}"
EndProject
Project("{8BC9CEB8-8B4A-11D0-8D11-00A0C91BC942}") = "Templates1", "Template\Template.vcxproj", "{2DE0F69D-43E7-4516-88FC-ABE572303668}"
EndProject
Project("{8BC9CEB8-8B4A-11D0-8D11-00A0C91BC942}") = "MemoryManagement", "MemoryManagement\MemoryManagement.vcxproj", "{DC8635C5-EA39-4D66-8521-8D50668296CD}"
EndProject
Project("{8BC9CEB8-8B4A-11D0-8D11-00A0C91BC942}") = "Preprocessor", "Preprocessor\Preprocessor.vcxproj", "{517A285D-89B5-4E88-8DF1-04E0CB37E68C}"
EndProject
Project("{8BC9CEB8-8B4A-11D0-8D11-00A0C91BC942}") = "Pointers", "Pointers\Pointers.vcxproj", "{A173095C-CEBF-426C-BEF1-8B9D89991E2D}"
EndProject
Project("{8BC9CEB8-8B4A-11D0-8D11-00A0C91BC942}") = "PointersRct", "PointersRct\PointersRct.vcxproj", "{B99E195C-4E4D-4155-9237-7265250CB4C7}"
EndProject
Project("{8BC9CEB8-8B4A-11D0-8D11-00A0C91BC942}") = "ClassRct", "ClassRct\ClassRct.vcxproj", "{C1E34249-187A-4456-AB41-4A1E3286281A}"
EndProject
Project("{8BC9CEB8-8B4A-11D0-8D11-00A0C91BC942}") = "ConstructorRct", "ConstructorRct\ConstructorRct.vcxproj", "{E60202C5-2F5C-4BF3-A1F3-501CE70FE4B8}"
EndProject
Project("{8BC9CEB8-8B4A-11D0-8D11-00A0C91BC942}") = "FriendFunctions", "FriendRct\FriendRct.vcxproj", "{E232E083-9CC9-4866-9263-C41F8986E719}"
EndProject
Project("{8BC9CEB8-8B4A-11D0-8D11-00A0C91BC942}") = "FriendFncRct", "FriendFncRct\FriendFncRct.vcxproj", "{C59B145D-4E5A-428D-A09B-29564825FA15}"
EndProject
Project("{8BC9CEB8-8B4A-11D0-8D11-00A0C91BC942}") = "OperatorOverloading", "OperatorOverloading\OperatorOverloading.vcxproj", "{80EB109E-8EC8-4425-BE18-131F565BDF02}"
EndProject
Project("{8BC9CEB8-8B4A-11D0-8D11-00A0C91BC942}") = "Inheritance2", "Inheritance2\Inheritance2.vcxproj", "{4901D3CF-105B-4BC8-B05F-4B89A30041F6}"
EndProject
Project("{8BC9CEB8-8B4A-11D0-8D11-00A0C91BC942}") = "Polymorphism", "Polymorphism\Polymorphism.vcxproj", "{A8E7C0EA-FE42-49FA-9FE5-72732652C675}"
EndProject
Project("{8BC9CEB8-8B4A-11D0-8D11-00A0C91BC942}") = "PolymorphismRct", "PolymorphismRct\PolymorphismRct.vcxproj", "{74A59349-CA0C-4FA8-9A19-BFFDAFB11602}"
EndProject
Project("{8BC9CEB8-8B4A-11D0-8D11-00A0C91BC942}") = "Templates2", "Templates\Templates.vcxproj", "{DCDFCA4E-D737-4665-B3EB-27668546D267}"
EndProject
Project("{8BC9CEB8-8B4A-11D0-8D11-00A0C91BC942}") = "TemplatesRct", "TemplatesRct\TemplatesRct.vcxproj", "{72A0279E-BF22-4527-B0D0-0EB8BE75CB96}"
EndProject
Project("{8BC9CEB8-8B4A-11D0-8D11-00A0C91BC942}") = "FunctionsRct", "FunctionsRct\FunctionsRct.vcxproj", "{CEBC4A75-DCA2-47C9-B668-D2F31A542E0B}"
EndProject
Global
	GlobalSection(SolutionConfigurationPlatforms) = preSolution
		Debug|x64 = Debug|x64
		Debug|x86 = Debug|x86
		Release|x64 = Release|x64
		Release|x86 = Release|x86
	EndGlobalSection
	GlobalSection(ProjectConfigurationPlatforms) = postSolution
		{1CB6470D-2BCD-4565-99B2-D3814A8650C8}.Debug|x64.ActiveCfg = Debug|x64
		{1CB6470D-2BCD-4565-99B2-D3814A8650C8}.Debug|x64.Build.0 = Debug|x64
		{1CB6470D-2BCD-4565-99B2-D3814A8650C8}.Debug|x86.ActiveCfg = Debug|Win32
		{1CB6470D-2BCD-4565-99B2-D3814A8650C8}.Debug|x86.Build.0 = Debug|Win32
		{1CB6470D-2BCD-4565-99B2-D3814A8650C8}.Release|x64.ActiveCfg = Release|x64
		{1CB6470D-2BCD-4565-99B2-D3814A8650C8}.Release|x64.Build.0 = Release|x64
		{1CB6470D-2BCD-4565-99B2-D3814A8650C8}.Release|x86.ActiveCfg = Release|Win32
		{1CB6470D-2BCD-4565-99B2-D3814A8650C8}.Release|x86.Build.0 = Release|Win32
		{DF9CFE98-F8F8-43CB-AD0B-BFEFF649D62C}.Debug|x64.ActiveCfg = Debug|x64
		{DF9CFE98-F8F8-43CB-AD0B-BFEFF649D62C}.Debug|x64.Build.0 = Debug|x64
		{DF9CFE98-F8F8-43CB-AD0B-BFEFF649D62C}.Debug|x86.ActiveCfg = Debug|Win32
		{DF9CFE98-F8F8-43CB-AD0B-BFEFF649D62C}.Debug|x86.Build.0 = Debug|Win32
		{DF9CFE98-F8F8-43CB-AD0B-BFEFF649D62C}.Release|x64.ActiveCfg = Release|x64
		{DF9CFE98-F8F8-43CB-AD0B-BFEFF649D62C}.Release|x64.Build.0 = Release|x64
		{DF9CFE98-F8F8-43CB-AD0B-BFEFF649D62C}.Release|x86.ActiveCfg = Release|Win32
		{DF9CFE98-F8F8-43CB-AD0B-BFEFF649D62C}.Release|x86.Build.0 = Release|Win32
		{75AE8CE5-E646-4B78-A7B2-F2B6DC14CF79}.Debug|x64.ActiveCfg = Debug|x64
		{75AE8CE5-E646-4B78-A7B2-F2B6DC14CF79}.Debug|x64.Build.0 = Debug|x64
		{75AE8CE5-E646-4B78-A7B2-F2B6DC14CF79}.Debug|x86.ActiveCfg = Debug|Win32
		{75AE8CE5-E646-4B78-A7B2-F2B6DC14CF79}.Debug|x86.Build.0 = Debug|Win32
		{75AE8CE5-E646-4B78-A7B2-F2B6DC14CF79}.Release|x64.ActiveCfg = Release|x64
		{75AE8CE5-E646-4B78-A7B2-F2B6DC14CF79}.Release|x64.Build.0 = Release|x64
		{75AE8CE5-E646-4B78-A7B2-F2B6DC14CF79}.Release|x86.ActiveCfg = Release|Win32
		{75AE8CE5-E646-4B78-A7B2-F2B6DC14CF79}.Release|x86.Build.0 = Release|Win32
		{91C89646-FD42-4B60-BB03-04111339D225}.Debug|x64.ActiveCfg = Debug|x64
		{91C89646-FD42-4B60-BB03-04111339D225}.Debug|x64.Build.0 = Debug|x64
		{91C89646-FD42-4B60-BB03-04111339D225}.Debug|x86.ActiveCfg = Debug|Win32
		{91C89646-FD42-4B60-BB03-04111339D225}.Debug|x86.Build.0 = Debug|Win32
		{91C89646-FD42-4B60-BB03-04111339D225}.Release|x64.ActiveCfg = Release|x64
		{91C89646-FD42-4B60-BB03-04111339D225}.Release|x64.Build.0 = Release|x64
		{91C89646-FD42-4B60-BB03-04111339D225}.Release|x86.ActiveCfg = Release|Win32
		{91C89646-FD42-4B60-BB03-04111339D225}.Release|x86.Build.0 = Release|Win32
		{11B4A09E-C845-49CE-AED0-423E8C886D92}.Debug|x64.ActiveCfg = Debug|x64
		{11B4A09E-C845-49CE-AED0-423E8C886D92}.Debug|x64.Build.0 = Debug|x64
		{11B4A09E-C845-49CE-AED0-423E8C886D92}.Debug|x86.ActiveCfg = Debug|Win32
		{11B4A09E-C845-49CE-AED0-423E8C886D92}.Debug|x86.Build.0 = Debug|Win32
		{11B4A09E-C845-49CE-AED0-423E8C886D92}.Release|x64.ActiveCfg = Release|x64
		{11B4A09E-C845-49CE-AED0-423E8C886D92}.Release|x64.Build.0 = Release|x64
		{11B4A09E-C845-49CE-AED0-423E8C886D92}.Release|x86.ActiveCfg = Release|Win32
		{11B4A09E-C845-49CE-AED0-423E8C886D92}.Release|x86.Build.0 = Release|Win32
		{3EC81A22-56B4-4425-A47D-A7ECCE912E55}.Debug|x64.ActiveCfg = Debug|x64
		{3EC81A22-56B4-4425-A47D-A7ECCE912E55}.Debug|x64.Build.0 = Debug|x64
		{3EC81A22-56B4-4425-A47D-A7ECCE912E55}.Debug|x86.ActiveCfg = Debug|Win32
		{3EC81A22-56B4-4425-A47D-A7ECCE912E55}.Debug|x86.Build.0 = Debug|Win32
		{3EC81A22-56B4-4425-A47D-A7ECCE912E55}.Release|x64.ActiveCfg = Release|x64
		{3EC81A22-56B4-4425-A47D-A7ECCE912E55}.Release|x64.Build.0 = Release|x64
		{3EC81A22-56B4-4425-A47D-A7ECCE912E55}.Release|x86.ActiveCfg = Release|Win32
		{3EC81A22-56B4-4425-A47D-A7ECCE912E55}.Release|x86.Build.0 = Release|Win32
		{DEE95C96-38C3-4E7D-8C99-EC618459BBD1}.Debug|x64.ActiveCfg = Debug|x64
		{DEE95C96-38C3-4E7D-8C99-EC618459BBD1}.Debug|x64.Build.0 = Debug|x64
		{DEE95C96-38C3-4E7D-8C99-EC618459BBD1}.Debug|x86.ActiveCfg = Debug|Win32
		{DEE95C96-38C3-4E7D-8C99-EC618459BBD1}.Debug|x86.Build.0 = Debug|Win32
		{DEE95C96-38C3-4E7D-8C99-EC618459BBD1}.Release|x64.ActiveCfg = Release|x64
		{DEE95C96-38C3-4E7D-8C99-EC618459BBD1}.Release|x64.Build.0 = Release|x64
		{DEE95C96-38C3-4E7D-8C99-EC618459BBD1}.Release|x86.ActiveCfg = Release|Win32
		{DEE95C96-38C3-4E7D-8C99-EC618459BBD1}.Release|x86.Build.0 = Release|Win32
		{BB051002-DC2C-4F05-9D6C-D19B91DDFA64}.Debug|x64.ActiveCfg = Debug|x64
		{BB051002-DC2C-4F05-9D6C-D19B91DDFA64}.Debug|x64.Build.0 = Debug|x64
		{BB051002-DC2C-4F05-9D6C-D19B91DDFA64}.Debug|x86.ActiveCfg = Debug|Win32
		{BB051002-DC2C-4F05-9D6C-D19B91DDFA64}.Debug|x86.Build.0 = Debug|Win32
		{BB051002-DC2C-4F05-9D6C-D19B91DDFA64}.Release|x64.ActiveCfg = Release|x64
		{BB051002-DC2C-4F05-9D6C-D19B91DDFA64}.Release|x64.Build.0 = Release|x64
		{BB051002-DC2C-4F05-9D6C-D19B91DDFA64}.Release|x86.ActiveCfg = Release|Win32
		{BB051002-DC2C-4F05-9D6C-D19B91DDFA64}.Release|x86.Build.0 = Release|Win32
		{982AE2D3-AB4E-490F-9DB0-CA15AD842572}.Debug|x64.ActiveCfg = Debug|x64
		{982AE2D3-AB4E-490F-9DB0-CA15AD842572}.Debug|x64.Build.0 = Debug|x64
		{982AE2D3-AB4E-490F-9DB0-CA15AD842572}.Debug|x86.ActiveCfg = Debug|Win32
		{982AE2D3-AB4E-490F-9DB0-CA15AD842572}.Debug|x86.Build.0 = Debug|Win32
		{982AE2D3-AB4E-490F-9DB0-CA15AD842572}.Release|x64.ActiveCfg = Release|x64
		{982AE2D3-AB4E-490F-9DB0-CA15AD842572}.Release|x64.Build.0 = Release|x64
		{982AE2D3-AB4E-490F-9DB0-CA15AD842572}.Release|x86.ActiveCfg = Release|Win32
		{982AE2D3-AB4E-490F-9DB0-CA15AD842572}.Release|x86.Build.0 = Release|Win32
		{2DE0F69D-43E7-4516-88FC-ABE572303668}.Debug|x64.ActiveCfg = Debug|x64
		{2DE0F69D-43E7-4516-88FC-ABE572303668}.Debug|x64.Build.0 = Debug|x64
		{2DE0F69D-43E7-4516-88FC-ABE572303668}.Debug|x86.ActiveCfg = Debug|Win32
		{2DE0F69D-43E7-4516-88FC-ABE572303668}.Debug|x86.Build.0 = Debug|Win32
		{2DE0F69D-43E7-4516-88FC-ABE572303668}.Release|x64.ActiveCfg = Release|x64
		{2DE0F69D-43E7-4516-88FC-ABE572303668}.Release|x64.Build.0 = Release|x64
		{2DE0F69D-43E7-4516-88FC-ABE572303668}.Release|x86.ActiveCfg = Release|Win32
		{2DE0F69D-43E7-4516-88FC-ABE572303668}.Release|x86.Build.0 = Release|Win32
		{DC8635C5-EA39-4D66-8521-8D50668296CD}.Debug|x64.ActiveCfg = Debug|x64
		{DC8635C5-EA39-4D66-8521-8D50668296CD}.Debug|x64.Build.0 = Debug|x64
		{DC8635C5-EA39-4D66-8521-8D50668296CD}.Debug|x86.ActiveCfg = Debug|Win32
		{DC8635C5-EA39-4D66-8521-8D50668296CD}.Debug|x86.Build.0 = Debug|Win32
		{DC8635C5-EA39-4D66-8521-8D50668296CD}.Release|x64.ActiveCfg = Release|x64
		{DC8635C5-EA39-4D66-8521-8D50668296CD}.Release|x64.Build.0 = Release|x64
		{DC8635C5-EA39-4D66-8521-8D50668296CD}.Release|x86.ActiveCfg = Release|Win32
		{DC8635C5-EA39-4D66-8521-8D50668296CD}.Release|x86.Build.0 = Release|Win32
		{517A285D-89B5-4E88-8DF1-04E0CB37E68C}.Debug|x64.ActiveCfg = Debug|x64
		{517A285D-89B5-4E88-8DF1-04E0CB37E68C}.Debug|x64.Build.0 = Debug|x64
		{517A285D-89B5-4E88-8DF1-04E0CB37E68C}.Debug|x86.ActiveCfg = Debug|Win32
		{517A285D-89B5-4E88-8DF1-04E0CB37E68C}.Debug|x86.Build.0 = Debug|Win32
		{517A285D-89B5-4E88-8DF1-04E0CB37E68C}.Release|x64.ActiveCfg = Release|x64
		{517A285D-89B5-4E88-8DF1-04E0CB37E68C}.Release|x64.Build.0 = Release|x64
		{517A285D-89B5-4E88-8DF1-04E0CB37E68C}.Release|x86.ActiveCfg = Release|Win32
		{517A285D-89B5-4E88-8DF1-04E0CB37E68C}.Release|x86.Build.0 = Release|Win32
		{A173095C-CEBF-426C-BEF1-8B9D89991E2D}.Debug|x64.ActiveCfg = Debug|x64
		{A173095C-CEBF-426C-BEF1-8B9D89991E2D}.Debug|x64.Build.0 = Debug|x64
		{A173095C-CEBF-426C-BEF1-8B9D89991E2D}.Debug|x86.ActiveCfg = Debug|Win32
		{A173095C-CEBF-426C-BEF1-8B9D89991E2D}.Debug|x86.Build.0 = Debug|Win32
		{A173095C-CEBF-426C-BEF1-8B9D89991E2D}.Release|x64.ActiveCfg = Release|x64
		{A173095C-CEBF-426C-BEF1-8B9D89991E2D}.Release|x64.Build.0 = Release|x64
		{A173095C-CEBF-426C-BEF1-8B9D89991E2D}.Release|x86.ActiveCfg = Release|Win32
		{A173095C-CEBF-426C-BEF1-8B9D89991E2D}.Release|x86.Build.0 = Release|Win32
		{B99E195C-4E4D-4155-9237-7265250CB4C7}.Debug|x64.ActiveCfg = Debug|x64
		{B99E195C-4E4D-4155-9237-7265250CB4C7}.Debug|x64.Build.0 = Debug|x64
		{B99E195C-4E4D-4155-9237-7265250CB4C7}.Debug|x86.ActiveCfg = Debug|Win32
		{B99E195C-4E4D-4155-9237-7265250CB4C7}.Debug|x86.Build.0 = Debug|Win32
		{B99E195C-4E4D-4155-9237-7265250CB4C7}.Release|x64.ActiveCfg = Release|x64
		{B99E195C-4E4D-4155-9237-7265250CB4C7}.Release|x64.Build.0 = Release|x64
		{B99E195C-4E4D-4155-9237-7265250CB4C7}.Release|x86.ActiveCfg = Release|Win32
		{B99E195C-4E4D-4155-9237-7265250CB4C7}.Release|x86.Build.0 = Release|Win32
		{C1E34249-187A-4456-AB41-4A1E3286281A}.Debug|x64.ActiveCfg = Debug|x64
		{C1E34249-187A-4456-AB41-4A1E3286281A}.Debug|x64.Build.0 = Debug|x64
		{C1E34249-187A-4456-AB41-4A1E3286281A}.Debug|x86.ActiveCfg = Debug|Win32
		{C1E34249-187A-4456-AB41-4A1E3286281A}.Debug|x86.Build.0 = Debug|Win32
		{C1E34249-187A-4456-AB41-4A1E3286281A}.Release|x64.ActiveCfg = Release|x64
		{C1E34249-187A-4456-AB41-4A1E3286281A}.Release|x64.Build.0 = Release|x64
		{C1E34249-187A-4456-AB41-4A1E3286281A}.Release|x86.ActiveCfg = Release|Win32
		{C1E34249-187A-4456-AB41-4A1E3286281A}.Release|x86.Build.0 = Release|Win32
		{E60202C5-2F5C-4BF3-A1F3-501CE70FE4B8}.Debug|x64.ActiveCfg = Debug|x64
		{E60202C5-2F5C-4BF3-A1F3-501CE70FE4B8}.Debug|x64.Build.0 = Debug|x64
		{E60202C5-2F5C-4BF3-A1F3-501CE70FE4B8}.Debug|x86.ActiveCfg = Debug|Win32
		{E60202C5-2F5C-4BF3-A1F3-501CE70FE4B8}.Debug|x86.Build.0 = Debug|Win32
		{E60202C5-2F5C-4BF3-A1F3-501CE70FE4B8}.Release|x64.ActiveCfg = Release|x64
		{E60202C5-2F5C-4BF3-A1F3-501CE70FE4B8}.Release|x64.Build.0 = Release|x64
		{E60202C5-2F5C-4BF3-A1F3-501CE70FE4B8}.Release|x86.ActiveCfg = Release|Win32
		{E60202C5-2F5C-4BF3-A1F3-501CE70FE4B8}.Release|x86.Build.0 = Release|Win32
		{E232E083-9CC9-4866-9263-C41F8986E719}.Debug|x64.ActiveCfg = Debug|x64
		{E232E083-9CC9-4866-9263-C41F8986E719}.Debug|x64.Build.0 = Debug|x64
		{E232E083-9CC9-4866-9263-C41F8986E719}.Debug|x86.ActiveCfg = Debug|Win32
		{E232E083-9CC9-4866-9263-C41F8986E719}.Debug|x86.Build.0 = Debug|Win32
		{E232E083-9CC9-4866-9263-C41F8986E719}.Release|x64.ActiveCfg = Release|x64
		{E232E083-9CC9-4866-9263-C41F8986E719}.Release|x64.Build.0 = Release|x64
		{E232E083-9CC9-4866-9263-C41F8986E719}.Release|x86.ActiveCfg = Release|Win32
		{E232E083-9CC9-4866-9263-C41F8986E719}.Release|x86.Build.0 = Release|Win32
		{C59B145D-4E5A-428D-A09B-29564825FA15}.Debug|x64.ActiveCfg = Debug|x64
		{C59B145D-4E5A-428D-A09B-29564825FA15}.Debug|x64.Build.0 = Debug|x64
		{C59B145D-4E5A-428D-A09B-29564825FA15}.Debug|x86.ActiveCfg = Debug|Win32
		{C59B145D-4E5A-428D-A09B-29564825FA15}.Debug|x86.Build.0 = Debug|Win32
		{C59B145D-4E5A-428D-A09B-29564825FA15}.Release|x64.ActiveCfg = Release|x64
		{C59B145D-4E5A-428D-A09B-29564825FA15}.Release|x64.Build.0 = Release|x64
		{C59B145D-4E5A-428D-A09B-29564825FA15}.Release|x86.ActiveCfg = Release|Win32
		{C59B145D-4E5A-428D-A09B-29564825FA15}.Release|x86.Build.0 = Release|Win32
		{80EB109E-8EC8-4425-BE18-131F565BDF02}.Debug|x64.ActiveCfg = Debug|x64
		{80EB109E-8EC8-4425-BE18-131F565BDF02}.Debug|x64.Build.0 = Debug|x64
		{80EB109E-8EC8-4425-BE18-131F565BDF02}.Debug|x86.ActiveCfg = Debug|Win32
		{80EB109E-8EC8-4425-BE18-131F565BDF02}.Debug|x86.Build.0 = Debug|Win32
		{80EB109E-8EC8-4425-BE18-131F565BDF02}.Release|x64.ActiveCfg = Release|x64
		{80EB109E-8EC8-4425-BE18-131F565BDF02}.Release|x64.Build.0 = Release|x64
		{80EB109E-8EC8-4425-BE18-131F565BDF02}.Release|x86.ActiveCfg = Release|Win32
		{80EB109E-8EC8-4425-BE18-131F565BDF02}.Release|x86.Build.0 = Release|Win32
		{4901D3CF-105B-4BC8-B05F-4B89A30041F6}.Debug|x64.ActiveCfg = Debug|x64
		{4901D3CF-105B-4BC8-B05F-4B89A30041F6}.Debug|x64.Build.0 = Debug|x64
		{4901D3CF-105B-4BC8-B05F-4B89A30041F6}.Debug|x86.ActiveCfg = Debug|Win32
		{4901D3CF-105B-4BC8-B05F-4B89A30041F6}.Debug|x86.Build.0 = Debug|Win32
		{4901D3CF-105B-4BC8-B05F-4B89A30041F6}.Release|x64.ActiveCfg = Release|x64
		{4901D3CF-105B-4BC8-B05F-4B89A30041F6}.Release|x64.Build.0 = Release|x64
		{4901D3CF-105B-4BC8-B05F-4B89A30041F6}.Release|x86.ActiveCfg = Release|Win32
		{4901D3CF-105B-4BC8-B05F-4B89A30041F6}.Release|x86.Build.0 = Release|Win32
		{A8E7C0EA-FE42-49FA-9FE5-72732652C675}.Debug|x64.ActiveCfg = Debug|x64
		{A8E7C0EA-FE42-49FA-9FE5-72732652C675}.Debug|x64.Build.0 = Debug|x64
		{A8E7C0EA-FE42-49FA-9FE5-72732652C675}.Debug|x86.ActiveCfg = Debug|Win32
		{A8E7C0EA-FE42-49FA-9FE5-72732652C675}.Debug|x86.Build.0 = Debug|Win32
		{A8E7C0EA-FE42-49FA-9FE5-72732652C675}.Release|x64.ActiveCfg = Release|x64
		{A8E7C0EA-FE42-49FA-9FE5-72732652C675}.Release|x64.Build.0 = Release|x64
		{A8E7C0EA-FE42-49FA-9FE5-72732652C675}.Release|x86.ActiveCfg = Release|Win32
		{A8E7C0EA-FE42-49FA-9FE5-72732652C675}.Release|x86.Build.0 = Release|Win32
		{74A59349-CA0C-4FA8-9A19-BFFDAFB11602}.Debug|x64.ActiveCfg = Debug|x64
		{74A59349-CA0C-4FA8-9A19-BFFDAFB11602}.Debug|x64.Build.0 = Debug|x64
		{74A59349-CA0C-4FA8-9A19-BFFDAFB11602}.Debug|x86.ActiveCfg = Debug|Win32
		{74A59349-CA0C-4FA8-9A19-BFFDAFB11602}.Debug|x86.Build.0 = Debug|Win32
		{74A59349-CA0C-4FA8-9A19-BFFDAFB11602}.Release|x64.ActiveCfg = Release|x64
		{74A59349-CA0C-4FA8-9A19-BFFDAFB11602}.Release|x64.Build.0 = Release|x64
		{74A59349-CA0C-4FA8-9A19-BFFDAFB11602}.Release|x86.ActiveCfg = Release|Win32
		{74A59349-CA0C-4FA8-9A19-BFFDAFB11602}.Release|x86.Build.0 = Release|Win32
		{DCDFCA4E-D737-4665-B3EB-27668546D267}.Debug|x64.ActiveCfg = Debug|x64
		{DCDFCA4E-D737-4665-B3EB-27668546D267}.Debug|x64.Build.0 = Debug|x64
		{DCDFCA4E-D737-4665-B3EB-27668546D267}.Debug|x86.ActiveCfg = Debug|Win32
		{DCDFCA4E-D737-4665-B3EB-27668546D267}.Debug|x86.Build.0 = Debug|Win32
		{DCDFCA4E-D737-4665-B3EB-27668546D267}.Release|x64.ActiveCfg = Release|x64
		{DCDFCA4E-D737-4665-B3EB-27668546D267}.Release|x64.Build.0 = Release|x64
		{DCDFCA4E-D737-4665-B3EB-27668546D267}.Release|x86.ActiveCfg = Release|Win32
		{DCDFCA4E-D737-4665-B3EB-27668546D267}.Release|x86.Build.0 = Release|Win32
		{72A0279E-BF22-4527-B0D0-0EB8BE75CB96}.Debug|x64.ActiveCfg = Debug|x64
		{72A0279E-BF22-4527-B0D0-0EB8BE75CB96}.Debug|x64.Build.0 = Debug|x64
		{72A0279E-BF22-4527-B0D0-0EB8BE75CB96}.Debug|x86.ActiveCfg = Debug|Win32
		{72A0279E-BF22-4527-B0D0-0EB8BE75CB96}.Debug|x86.Build.0 = Debug|Win32
		{72A0279E-BF22-4527-B0D0-0EB8BE75CB96}.Release|x64.ActiveCfg = Release|x64
		{72A0279E-BF22-4527-B0D0-0EB8BE75CB96}.Release|x64.Build.0 = Release|x64
		{72A0279E-BF22-4527-B0D0-0EB8BE75CB96}.Release|x86.ActiveCfg = Release|Win32
		{72A0279E-BF22-4527-B0D0-0EB8BE75CB96}.Release|x86.Build.0 = Release|Win32
		{CEBC4A75-DCA2-47C9-B668-D2F31A542E0B}.Debug|x64.ActiveCfg = Debug|x64
		{CEBC4A75-DCA2-47C9-B668-D2F31A542E0B}.Debug|x64.Build.0 = Debug|x64
		{CEBC4A75-DCA2-47C9-B668-D2F31A542E0B}.Debug|x86.ActiveCfg = Debug|Win32
		{CEBC4A75-DCA2-47C9-B668-D2F31A542E0B}.Debug|x86.Build.0 = Debug|Win32
		{CEBC4A75-DCA2-47C9-B668-D2F31A542E0B}.Release|x64.ActiveCfg = Release|x64
		{CEBC4A75-DCA2-47C9-B668-D2F31A542E0B}.Release|x64.Build.0 = Release|x64
		{CEBC4A75-DCA2-47C9-B668-D2F31A542E0B}.Release|x86.ActiveCfg = Release|Win32
		{CEBC4A75-DCA2-47C9-B668-D2F31A542E0B}.Release|x86.Build.0 = Release|Win32
	EndGlobalSection
	GlobalSection(SolutionProperties) = preSolution
		HideSolutionNode = FALSE
	EndGlobalSection
	GlobalSection(ExtensibilityGlobals) = postSolution
		SolutionGuid = {F7C3F31B-83C4-4B44-9156-764631FF0D8E}
	EndGlobalSection
EndGlobal
